// !$*UTF8*$!
{
	archiveVersion = 1;
	classes = {
	};
	objectVersion = 46;
	objects = {

/* Begin PBXBuildFile section */
		68288F4D201F31A300E272FD /* strategy_interpreter.cpp in Sources */ = {isa = PBXBuildFile; fileRef = 68288F4B201F31A300E272FD /* strategy_interpreter.cpp */; };
		68288F50201F390900E272FD /* running_average.cpp in Sources */ = {isa = PBXBuildFile; fileRef = 68288F4E201F390900E272FD /* running_average.cpp */; };
		68C7417F200BF43300D3347A /* main.cpp in Sources */ = {isa = PBXBuildFile; fileRef = 68C7417E200BF43300D3347A /* main.cpp */; };
		68E5B76E20167DD100C1C764 /* poisson_experiment.cpp in Sources */ = {isa = PBXBuildFile; fileRef = 68E5B76C20167DD100C1C764 /* poisson_experiment.cpp */; };
		68E5B7722016821600C1C764 /* color_distribution.cpp in Sources */ = {isa = PBXBuildFile; fileRef = 68E5B7702016821600C1C764 /* color_distribution.cpp */; };
		68E5B775201682CA00C1C764 /* statistics_ensemble_populations.cpp in Sources */ = {isa = PBXBuildFile; fileRef = 68E5B773201682CA00C1C764 /* statistics_ensemble_populations.cpp */; };
		68E5B778201683CC00C1C764 /* population.cpp in Sources */ = {isa = PBXBuildFile; fileRef = 68E5B776201683CC00C1C764 /* population.cpp */; };
/* End PBXBuildFile section */

/* Begin PBXCopyFilesBuildPhase section */
		68C74179200BF43300D3347A /* CopyFiles */ = {
			isa = PBXCopyFilesBuildPhase;
			buildActionMask = 2147483647;
			dstPath = /usr/share/man/man1/;
			dstSubfolderSpec = 0;
			files = (
			);
			runOnlyForDeploymentPostprocessing = 1;
		};
/* End PBXCopyFilesBuildPhase section */

/* Begin PBXFileReference section */
		68288F4B201F31A300E272FD /* strategy_interpreter.cpp */ = {isa = PBXFileReference; fileEncoding = 4; lastKnownFileType = sourcecode.cpp.cpp; path = strategy_interpreter.cpp; sourceTree = "<group>"; };
		68288F4C201F31A300E272FD /* strategy_interpreter.h */ = {isa = PBXFileReference; fileEncoding = 4; lastKnownFileType = sourcecode.c.h; path = strategy_interpreter.h; sourceTree = "<group>"; };
		68288F4E201F390900E272FD /* running_average.cpp */ = {isa = PBXFileReference; fileEncoding = 4; lastKnownFileType = sourcecode.cpp.cpp; path = running_average.cpp; sourceTree = "<group>"; };
		68288F4F201F390900E272FD /* running_average.h */ = {isa = PBXFileReference; fileEncoding = 4; lastKnownFileType = sourcecode.c.h; path = running_average.h; sourceTree = "<group>"; };
		68C7417B200BF43300D3347A /* NonFixedPopulationDynamics */ = {isa = PBXFileReference; explicitFileType = "compiled.mach-o.executable"; includeInIndex = 0; path = NonFixedPopulationDynamics; sourceTree = BUILT_PRODUCTS_DIR; };
		68C7417E200BF43300D3347A /* main.cpp */ = {isa = PBXFileReference; lastKnownFileType = sourcecode.cpp.cpp; path = main.cpp; sourceTree = "<group>"; };
		68E5B76C20167DD100C1C764 /* poisson_experiment.cpp */ = {isa = PBXFileReference; fileEncoding = 4; lastKnownFileType = sourcecode.cpp.cpp; path = poisson_experiment.cpp; sourceTree = "<group>"; };
		68E5B76D20167DD100C1C764 /* poisson_experiment.h */ = {isa = PBXFileReference; fileEncoding = 4; lastKnownFileType = sourcecode.c.h; path = poisson_experiment.h; sourceTree = "<group>"; };
		68E5B7702016821600C1C764 /* color_distribution.cpp */ = {isa = PBXFileReference; fileEncoding = 4; lastKnownFileType = sourcecode.cpp.cpp; path = color_distribution.cpp; sourceTree = "<group>"; };
		68E5B7712016821600C1C764 /* color_distribution.h */ = {isa = PBXFileReference; fileEncoding = 4; lastKnownFileType = sourcecode.c.h; path = color_distribution.h; sourceTree = "<group>"; };
		68E5B773201682CA00C1C764 /* statistics_ensemble_populations.cpp */ = {isa = PBXFileReference; fileEncoding = 4; lastKnownFileType = sourcecode.cpp.cpp; path = statistics_ensemble_populations.cpp; sourceTree = "<group>"; };
		68E5B774201682CA00C1C764 /* statistics_ensemble_populations.h */ = {isa = PBXFileReference; fileEncoding = 4; lastKnownFileType = sourcecode.c.h; path = statistics_ensemble_populations.h; sourceTree = "<group>"; };
		68E5B776201683CC00C1C764 /* population.cpp */ = {isa = PBXFileReference; fileEncoding = 4; lastKnownFileType = sourcecode.cpp.cpp; path = population.cpp; sourceTree = "<group>"; };
		68E5B777201683CC00C1C764 /* population.h */ = {isa = PBXFileReference; fileEncoding = 4; lastKnownFileType = sourcecode.c.h; path = population.h; sourceTree = "<group>"; };
/* End PBXFileReference section */

/* Begin PBXFrameworksBuildPhase section */
		68C74178200BF43300D3347A /* Frameworks */ = {
			isa = PBXFrameworksBuildPhase;
			buildActionMask = 2147483647;
			files = (
			);
			runOnlyForDeploymentPostprocessing = 0;
		};
/* End PBXFrameworksBuildPhase section */

/* Begin PBXGroup section */
		68C74172200BF43300D3347A = {
			isa = PBXGroup;
			children = (
				68C7417D200BF43300D3347A /* NonFixedPopulationDynamics */,
				68C7417C200BF43300D3347A /* Products */,
			);
			sourceTree = "<group>";
		};
		68C7417C200BF43300D3347A /* Products */ = {
			isa = PBXGroup;
			children = (
				68C7417B200BF43300D3347A /* NonFixedPopulationDynamics */,
			);
			name = Products;
			sourceTree = "<group>";
		};
		68C7417D200BF43300D3347A /* NonFixedPopulationDynamics */ = {
			isa = PBXGroup;
			children = (
				68E5B7702016821600C1C764 /* color_distribution.cpp */,
				68E5B7712016821600C1C764 /* color_distribution.h */,
				68C7417E200BF43300D3347A /* main.cpp */,
				68E5B76C20167DD100C1C764 /* poisson_experiment.cpp */,
				68E5B76D20167DD100C1C764 /* poisson_experiment.h */,
				68E5B776201683CC00C1C764 /* population.cpp */,
				68E5B777201683CC00C1C764 /* population.h */,
				68288F4E201F390900E272FD /* running_average.cpp */,
				68288F4F201F390900E272FD /* running_average.h */,
				68E5B773201682CA00C1C764 /* statistics_ensemble_populations.cpp */,
				68E5B774201682CA00C1C764 /* statistics_ensemble_populations.h */,
				68288F4B201F31A300E272FD /* strategy_interpreter.cpp */,
				68288F4C201F31A300E272FD /* strategy_interpreter.h */,
			);
			path = NonFixedPopulationDynamics;
			sourceTree = "<group>";
		};
/* End PBXGroup section */

/* Begin PBXNativeTarget section */
		68C7417A200BF43300D3347A /* NonFixedPopulationDynamics */ = {
			isa = PBXNativeTarget;
			buildConfigurationList = 68C74182200BF43300D3347A /* Build configuration list for PBXNativeTarget "NonFixedPopulationDynamics" */;
			buildPhases = (
				68C74177200BF43300D3347A /* Sources */,
				68C74178200BF43300D3347A /* Frameworks */,
				68C74179200BF43300D3347A /* CopyFiles */,
			);
			buildRules = (
			);
			dependencies = (
			);
			name = NonFixedPopulationDynamics;
			productName = NonFixedPopulationDynamics;
			productReference = 68C7417B200BF43300D3347A /* NonFixedPopulationDynamics */;
			productType = "com.apple.product-type.tool";
		};
/* End PBXNativeTarget section */

/* Begin PBXProject section */
		68C74173200BF43300D3347A /* Project object */ = {
			isa = PBXProject;
			attributes = {
				LastUpgradeCheck = 0630;
				ORGANIZATIONNAME = "Marcin Bodych";
				TargetAttributes = {
					68C7417A200BF43300D3347A = {
						CreatedOnToolsVersion = 6.3;
					};
				};
			};
			buildConfigurationList = 68C74176200BF43300D3347A /* Build configuration list for PBXProject "NonFixedPopulationDynamics" */;
			compatibilityVersion = "Xcode 3.2";
			developmentRegion = English;
			hasScannedForEncodings = 0;
			knownRegions = (
				en,
			);
			mainGroup = 68C74172200BF43300D3347A;
			productRefGroup = 68C7417C200BF43300D3347A /* Products */;
			projectDirPath = "";
			projectRoot = "";
			targets = (
				68C7417A200BF43300D3347A /* NonFixedPopulationDynamics */,
			);
		};
/* End PBXProject section */

/* Begin PBXSourcesBuildPhase section */
		68C74177200BF43300D3347A /* Sources */ = {
			isa = PBXSourcesBuildPhase;
			buildActionMask = 2147483647;
			files = (
				68E5B778201683CC00C1C764 /* population.cpp in Sources */,
				68E5B76E20167DD100C1C764 /* poisson_experiment.cpp in Sources */,
				68E5B7722016821600C1C764 /* color_distribution.cpp in Sources */,
				68288F4D201F31A300E272FD /* strategy_interpreter.cpp in Sources */,
				68E5B775201682CA00C1C764 /* statistics_ensemble_populations.cpp in Sources */,
				68288F50201F390900E272FD /* running_average.cpp in Sources */,
				68C7417F200BF43300D3347A /* main.cpp in Sources */,
			);
			runOnlyForDeploymentPostprocessing = 0;
		};
/* End PBXSourcesBuildPhase section */

/* Begin XCBuildConfiguration section */
		68C74180200BF43300D3347A /* Debug */ = {
			isa = XCBuildConfiguration;
			buildSettings = {
				ALWAYS_SEARCH_USER_PATHS = NO;
				CLANG_CXX_LANGUAGE_STANDARD = "gnu++0x";
				CLANG_CXX_LIBRARY = "libc++";
				CLANG_ENABLE_MODULES = YES;
				CLANG_ENABLE_OBJC_ARC = YES;
				CLANG_WARN_BOOL_CONVERSION = YES;
				CLANG_WARN_CONSTANT_CONVERSION = YES;
				CLANG_WARN_DIRECT_OBJC_ISA_USAGE = YES_ERROR;
				CLANG_WARN_EMPTY_BODY = YES;
				CLANG_WARN_ENUM_CONVERSION = YES;
				CLANG_WARN_INT_CONVERSION = YES;
				CLANG_WARN_OBJC_ROOT_CLASS = YES_ERROR;
				CLANG_WARN_UNREACHABLE_CODE = YES;
				CLANG_WARN__DUPLICATE_METHOD_MATCH = YES;
				COPY_PHASE_STRIP = NO;
				DEBUG_INFORMATION_FORMAT = dwarf;
				ENABLE_STRICT_OBJC_MSGSEND = YES;
				GCC_C_LANGUAGE_STANDARD = gnu99;
				GCC_DYNAMIC_NO_PIC = NO;
				GCC_NO_COMMON_BLOCKS = YES;
				GCC_OPTIMIZATION_LEVEL = 0;
				GCC_PREPROCESSOR_DEFINITIONS = (
					"DEBUG=1",
					"$(inherited)",
				);
				GCC_SYMBOLS_PRIVATE_EXTERN = NO;
				GCC_WARN_64_TO_32_BIT_CONVERSION = YES;
				GCC_WARN_ABOUT_RETURN_TYPE = YES_ERROR;
				GCC_WARN_UNDECLARED_SELECTOR = YES;
				GCC_WARN_UNINITIALIZED_AUTOS = YES_AGGRESSIVE;
				GCC_WARN_UNUSED_FUNCTION = YES;
				GCC_WARN_UNUSED_VARIABLE = YES;
				MACOSX_DEPLOYMENT_TARGET = 10.11;
				MTL_ENABLE_DEBUG_INFO = YES;
				ONLY_ACTIVE_ARCH = YES;
				SDKROOT = macosx;
			};
			name = Debug;
		};
		68C74181200BF43300D3347A /* Release */ = {
			isa = XCBuildConfiguration;
			buildSettings = {
				ALWAYS_SEARCH_USER_PATHS = NO;
				CLANG_CXX_LANGUAGE_STANDARD = "gnu++0x";
				CLANG_CXX_LIBRARY = "libc++";
				CLANG_ENABLE_MODULES = YES;
				CLANG_ENABLE_OBJC_ARC = YES;
				CLANG_WARN_BOOL_CONVERSION = YES;
				CLANG_WARN_CONSTANT_CONVERSION = YES;
				CLANG_WARN_DIRECT_OBJC_ISA_USAGE = YES_ERROR;
				CLANG_WARN_EMPTY_BODY = YES;
				CLANG_WARN_ENUM_CONVERSION = YES;
				CLANG_WARN_INT_CONVERSION = YES;
				CLANG_WARN_OBJC_ROOT_CLASS = YES_ERROR;
				CLANG_WARN_UNREACHABLE_CODE = YES;
				CLANG_WARN__DUPLICATE_METHOD_MATCH = YES;
				COPY_PHASE_STRIP = NO;
				DEBUG_INFORMATION_FORMAT = "dwarf-with-dsym";
				ENABLE_NS_ASSERTIONS = NO;
				ENABLE_STRICT_OBJC_MSGSEND = YES;
				GCC_C_LANGUAGE_STANDARD = gnu99;
				GCC_NO_COMMON_BLOCKS = YES;
				GCC_WARN_64_TO_32_BIT_CONVERSION = YES;
				GCC_WARN_ABOUT_RETURN_TYPE = YES_ERROR;
				GCC_WARN_UNDECLARED_SELECTOR = YES;
				GCC_WARN_UNINITIALIZED_AUTOS = YES_AGGRESSIVE;
				GCC_WARN_UNUSED_FUNCTION = YES;
				GCC_WARN_UNUSED_VARIABLE = YES;
				MACOSX_DEPLOYMENT_TARGET = 10.11;
				MTL_ENABLE_DEBUG_INFO = NO;
				SDKROOT = macosx;
			};
			name = Release;
		};
		68C74183200BF43300D3347A /* Debug */ = {
			isa = XCBuildConfiguration;
			buildSettings = {
				CLANG_CXX_LANGUAGE_STANDARD = "gnu++14";
				MACOSX_DEPLOYMENT_TARGET = 10.10;
				PRODUCT_NAME = "$(TARGET_NAME)";
			};
			name = Debug;
		};
		68C74184200BF43300D3347A /* Release */ = {
			isa = XCBuildConfiguration;
			buildSettings = {
				CLANG_CXX_LANGUAGE_STANDARD = "gnu++14";
				MACOSX_DEPLOYMENT_TARGET = 10.10;
				PRODUCT_NAME = "$(TARGET_NAME)";
			};
			name = Release;
		};
/* End XCBuildConfiguration section */

/* Begin XCConfigurationList section */
		68C74176200BF43300D3347A /* Build configuration list for PBXProject "NonFixedPopulationDynamics" */ = {
			isa = XCConfigurationList;
			buildConfigurations = (
				68C74180200BF43300D3347A /* Debug */,
				68C74181200BF43300D3347A /* Release */,
			);
			defaultConfigurationIsVisible = 0;
			defaultConfigurationName = Release;
		};
		68C74182200BF43300D3347A /* Build configuration list for PBXNativeTarget "NonFixedPopulationDynamics" */ = {
			isa = XCConfigurationList;
			buildConfigurations = (
				68C74183200BF43300D3347A /* Debug */,
				68C74184200BF43300D3347A /* Release */,
			);
			defaultConfigurationIsVisible = 0;
			defaultConfigurationName = Release;
		};
/* End XCConfigurationList section */
	};
	rootObject = 68C74173200BF43300D3347A /* Project object */;
}
